
Microsoft Visual Studio Solution File, Format Version 11.00
# Visual Studio 2010
Project("{FAE04EC0-301F-11D3-BF4B-00C04F79EFBC}") = "UVS", "UVS\UVS.csproj", "{AED071BD-6E8A-40A4-B85F-56AEA0DE4DF6}"
EndProject
Project("{FAE04EC0-301F-11D3-BF4B-00C04F79EFBC}") = "Controller", "..\Controller\Controller\Controller.csproj", "{892068FF-9980-4DEE-9363-5A18290E3D10}"
EndProject
Project("{FAE04EC0-301F-11D3-BF4B-00C04F79EFBC}") = "DAL", "DataAccess\DAL.csproj", "{188C290A-C605-496F-A3A8-06471C95F341}"
EndProject
Project("{FAE04EC0-301F-11D3-BF4B-00C04F79EFBC}") = "UVSTest", "UVSTest\UVSTest.csproj", "{835FCD6B-4F6D-477D-A3AF-7A90EFA2C26F}"
EndProject
Project("{2150E333-8FDC-42A3-9474-1A3956D46DE8}") = "Solution Items", "Solution Items", "{51F89B49-1428-4C55-A08E-6F9A3E0516B8}"
	ProjectSection(SolutionItems) = preProject
		Local.testsettings = Local.testsettings
		TraceAndTestImpact.testsettings = TraceAndTestImpact.testsettings
		UVS.vsmdi = UVS.vsmdi
	EndProjectSection
EndProject
Global
	GlobalSection(TestCaseManagementSettings) = postSolution
		CategoryFile = UVS.vsmdi
	EndGlobalSection
	GlobalSection(SolutionConfigurationPlatforms) = preSolution
		Debug|Any CPU = Debug|Any CPU
		Debug|Mixed Platforms = Debug|Mixed Platforms
		Debug|x86 = Debug|x86
		Release|Any CPU = Release|Any CPU
		Release|Mixed Platforms = Release|Mixed Platforms
		Release|x86 = Release|x86
	EndGlobalSection
	GlobalSection(ProjectConfigurationPlatforms) = postSolution
		{AED071BD-6E8A-40A4-B85F-56AEA0DE4DF6}.Debug|Any CPU.ActiveCfg = Debug|x86
		{AED071BD-6E8A-40A4-B85F-56AEA0DE4DF6}.Debug|Mixed Platforms.ActiveCfg = Debug|x86
		{AED071BD-6E8A-40A4-B85F-56AEA0DE4DF6}.Debug|Mixed Platforms.Build.0 = Debug|x86
		{AED071BD-6E8A-40A4-B85F-56AEA0DE4DF6}.Debug|x86.ActiveCfg = Debug|x86
		{AED071BD-6E8A-40A4-B85F-56AEA0DE4DF6}.Debug|x86.Build.0 = Debug|x86
		{AED071BD-6E8A-40A4-B85F-56AEA0DE4DF6}.Release|Any CPU.ActiveCfg = Release|x86
		{AED071BD-6E8A-40A4-B85F-56AEA0DE4DF6}.Release|Mixed Platforms.ActiveCfg = Release|x86
		{AED071BD-6E8A-40A4-B85F-56AEA0DE4DF6}.Release|Mixed Platforms.Build.0 = Release|x86
		{AED071BD-6E8A-40A4-B85F-56AEA0DE4DF6}.Release|x86.ActiveCfg = Release|x86
		{AED071BD-6E8A-40A4-B85F-56AEA0DE4DF6}.Release|x86.Build.0 = Release|x86
		{892068FF-9980-4DEE-9363-5A18290E3D10}.Debug|Any CPU.ActiveCfg = Debug|Any CPU
		{892068FF-9980-4DEE-9363-5A18290E3D10}.Debug|Any CPU.Build.0 = Debug|Any CPU
		{892068FF-9980-4DEE-9363-5A18290E3D10}.Debug|Mixed Platforms.ActiveCfg = Debug|Any CPU
		{892068FF-9980-4DEE-9363-5A18290E3D10}.Debug|Mixed Platforms.Build.0 = Debug|Any CPU
		{892068FF-9980-4DEE-9363-5A18290E3D10}.Debug|x86.ActiveCfg = Debug|Any CPU
		{892068FF-9980-4DEE-9363-5A18290E3D10}.Release|Any CPU.ActiveCfg = Release|Any CPU
		{892068FF-9980-4DEE-9363-5A18290E3D10}.Release|Any CPU.Build.0 = Release|Any CPU
		{892068FF-9980-4DEE-9363-5A18290E3D10}.Release|Mixed Platforms.ActiveCfg = Release|Any CPU
		{892068FF-9980-4DEE-9363-5A18290E3D10}.Release|Mixed Platforms.Build.0 = Release|Any CPU
		{892068FF-9980-4DEE-9363-5A18290E3D10}.Release|x86.ActiveCfg = Release|Any CPU
		{188C290A-C605-496F-A3A8-06471C95F341}.Debug|Any CPU.ActiveCfg = Debug|Any CPU
		{188C290A-C605-496F-A3A8-06471C95F341}.Debug|Any CPU.Build.0 = Debug|Any CPU
		{188C290A-C605-496F-A3A8-06471C95F341}.Debug|Mixed Platforms.ActiveCfg = Debug|Any CPU
		{188C290A-C605-496F-A3A8-06471C95F341}.Debug|Mixed Platforms.Build.0 = Debug|Any CPU
		{188C290A-C605-496F-A3A8-06471C95F341}.Debug|x86.ActiveCfg = Debug|Any CPU
		{188C290A-C605-496F-A3A8-06471C95F341}.Release|Any CPU.ActiveCfg = Release|Any CPU
		{188C290A-C605-496F-A3A8-06471C95F341}.Release|Any CPU.Build.0 = Release|Any CPU
		{188C290A-C605-496F-A3A8-06471C95F341}.Release|Mixed Platforms.ActiveCfg = Release|Any CPU
		{188C290A-C605-496F-A3A8-06471C95F341}.Release|Mixed Platforms.Build.0 = Release|Any CPU
		{188C290A-C605-496F-A3A8-06471C95F341}.Release|x86.ActiveCfg = Release|Any CPU
		{835FCD6B-4F6D-477D-A3AF-7A90EFA2C26F}.Debug|Any CPU.ActiveCfg = Debug|Any CPU
		{835FCD6B-4F6D-477D-A3AF-7A90EFA2C26F}.Debug|Any CPU.Build.0 = Debug|Any CPU
		{835FCD6B-4F6D-477D-A3AF-7A90EFA2C26F}.Debug|Mixed Platforms.ActiveCfg = Debug|Any CPU
		{835FCD6B-4F6D-477D-A3AF-7A90EFA2C26F}.Debug|Mixed Platforms.Build.0 = Debug|Any CPU
		{835FCD6B-4F6D-477D-A3AF-7A90EFA2C26F}.Debug|x86.ActiveCfg = Debug|Any CPU
		{835FCD6B-4F6D-477D-A3AF-7A90EFA2C26F}.Release|Any CPU.ActiveCfg = Release|Any CPU
		{835FCD6B-4F6D-477D-A3AF-7A90EFA2C26F}.Release|Any CPU.Build.0 = Release|Any CPU
		{835FCD6B-4F6D-477D-A3AF-7A90EFA2C26F}.Release|Mixed Platforms.ActiveCfg = Release|Any CPU
		{835FCD6B-4F6D-477D-A3AF-7A90EFA2C26F}.Release|Mixed Platforms.Build.0 = Release|Any CPU
		{835FCD6B-4F6D-477D-A3AF-7A90EFA2C26F}.Release|x86.ActiveCfg = Release|Any CPU
	EndGlobalSection
	GlobalSection(SolutionProperties) = preSolution
		HideSolutionNode = FALSE
	EndGlobalSection
EndGlobal
